
Microsoft Visual Studio Solution File, Format Version 12.00
# Visual Studio 15
VisualStudioVersion = 15.0.27004.2008
MinimumVisualStudioVersion = 10.0.40219.1
Project("{FAE04EC0-301F-11D3-BF4B-00C04F79EFBC}") = "ZonyLrcTools", "ZonyLrcTools\ZonyLrcTools.csproj", "{B84F4450-C20E-4F11-8152-7A95BEF4F5E0}"
EndProject
Project("{FAE04EC0-301F-11D3-BF4B-00C04F79EFBC}") = "Zony.Lib.Plugin", "Zony.Lib.Plugin\Zony.Lib.Plugin.csproj", "{043B9995-B8BF-4A36-BD57-304C6D6CE7E7}"
EndProject
Project("{FAE04EC0-301F-11D3-BF4B-00C04F79EFBC}") = "Zony.Lib.NetEase", "Zony.Lib.NetEase\Zony.Lib.NetEase.csproj", "{AA736E2E-68CA-4D6A-8116-EBF1FF0A6812}"
EndProject
Project("{FAE04EC0-301F-11D3-BF4B-00C04F79EFBC}") = "Zony.Lib.Net", "Zony.Lib.Net\Zony.Lib.Net.csproj", "{B060D7BB-6CC1-4045-B038-9EA612435BA5}"
EndProject
Project("{9A19103F-16F7-4668-BE54-9A1E7A4F7556}") = "Zony.Service.Api", "Zony.Service.Api\Zony.Service.Api.csproj", "{4E7FE282-482D-4898-92F3-8339F5B93C4C}"
EndProject
Project("{FAE04EC0-301F-11D3-BF4B-00C04F79EFBC}") = "Zony.UITest", "Zony.UITest\Zony.UITest.csproj", "{465DC662-1C6A-4B3A-AFC4-1A87AC01B369}"
EndProject
Project("{FAE04EC0-301F-11D3-BF4B-00C04F79EFBC}") = "Zony.Lib.Infrastructures", "Zony.Lib.Infrastructures\Zony.Lib.Infrastructures.csproj", "{2716DF9F-443C-42DD-9454-18FF1A80AEC4}"
EndProject
Project("{FAE04EC0-301F-11D3-BF4B-00C04F79EFBC}") = "Zony.Lib.TagLib", "Zony.Lib.TagLib\Zony.Lib.TagLib.csproj", "{85B4ACB9-1236-4761-948C-EEC1E0182E06}"
EndProject
Global
	GlobalSection(SolutionConfigurationPlatforms) = preSolution
		Debug|Any CPU = Debug|Any CPU
		Release|Any CPU = Release|Any CPU
	EndGlobalSection
	GlobalSection(ProjectConfigurationPlatforms) = postSolution
		{B84F4450-C20E-4F11-8152-7A95BEF4F5E0}.Debug|Any CPU.ActiveCfg = Debug|Any CPU
		{B84F4450-C20E-4F11-8152-7A95BEF4F5E0}.Debug|Any CPU.Build.0 = Debug|Any CPU
		{B84F4450-C20E-4F11-8152-7A95BEF4F5E0}.Release|Any CPU.ActiveCfg = Release|Any CPU
		{B84F4450-C20E-4F11-8152-7A95BEF4F5E0}.Release|Any CPU.Build.0 = Release|Any CPU
		{043B9995-B8BF-4A36-BD57-304C6D6CE7E7}.Debug|Any CPU.ActiveCfg = Debug|Any CPU
		{043B9995-B8BF-4A36-BD57-304C6D6CE7E7}.Debug|Any CPU.Build.0 = Debug|Any CPU
		{043B9995-B8BF-4A36-BD57-304C6D6CE7E7}.Release|Any CPU.ActiveCfg = Release|Any CPU
		{043B9995-B8BF-4A36-BD57-304C6D6CE7E7}.Release|Any CPU.Build.0 = Release|Any CPU
		{AA736E2E-68CA-4D6A-8116-EBF1FF0A6812}.Debug|Any CPU.ActiveCfg = Debug|Any CPU
		{AA736E2E-68CA-4D6A-8116-EBF1FF0A6812}.Debug|Any CPU.Build.0 = Debug|Any CPU
		{AA736E2E-68CA-4D6A-8116-EBF1FF0A6812}.Release|Any CPU.ActiveCfg = Release|Any CPU
		{AA736E2E-68CA-4D6A-8116-EBF1FF0A6812}.Release|Any CPU.Build.0 = Release|Any CPU
		{B060D7BB-6CC1-4045-B038-9EA612435BA5}.Debug|Any CPU.ActiveCfg = Debug|Any CPU
		{B060D7BB-6CC1-4045-B038-9EA612435BA5}.Debug|Any CPU.Build.0 = Debug|Any CPU
		{B060D7BB-6CC1-4045-B038-9EA612435BA5}.Release|Any CPU.ActiveCfg = Release|Any CPU
		{B060D7BB-6CC1-4045-B038-9EA612435BA5}.Release|Any CPU.Build.0 = Release|Any CPU
		{4E7FE282-482D-4898-92F3-8339F5B93C4C}.Debug|Any CPU.ActiveCfg = Debug|Any CPU
		{4E7FE282-482D-4898-92F3-8339F5B93C4C}.Debug|Any CPU.Build.0 = Debug|Any CPU
		{4E7FE282-482D-4898-92F3-8339F5B93C4C}.Release|Any CPU.ActiveCfg = Release|Any CPU
		{4E7FE282-482D-4898-92F3-8339F5B93C4C}.Release|Any CPU.Build.0 = Release|Any CPU
		{465DC662-1C6A-4B3A-AFC4-1A87AC01B369}.Debug|Any CPU.ActiveCfg = Debug|Any CPU
		{465DC662-1C6A-4B3A-AFC4-1A87AC01B369}.Debug|Any CPU.Build.0 = Debug|Any CPU
		{465DC662-1C6A-4B3A-AFC4-1A87AC01B369}.Release|Any CPU.ActiveCfg = Release|Any CPU
		{465DC662-1C6A-4B3A-AFC4-1A87AC01B369}.Release|Any CPU.Build.0 = Release|Any CPU
		{2716DF9F-443C-42DD-9454-18FF1A80AEC4}.Debug|Any CPU.ActiveCfg = Debug|Any CPU
		{2716DF9F-443C-42DD-9454-18FF1A80AEC4}.Debug|Any CPU.Build.0 = Debug|Any CPU
		{2716DF9F-443C-42DD-9454-18FF1A80AEC4}.Release|Any CPU.ActiveCfg = Release|Any CPU
		{2716DF9F-443C-42DD-9454-18FF1A80AEC4}.Release|Any CPU.Build.0 = Release|Any CPU
		{85B4ACB9-1236-4761-948C-EEC1E0182E06}.Debug|Any CPU.ActiveCfg = Debug|Any CPU
		{85B4ACB9-1236-4761-948C-EEC1E0182E06}.Debug|Any CPU.Build.0 = Debug|Any CPU
		{85B4ACB9-1236-4761-948C-EEC1E0182E06}.Release|Any CPU.ActiveCfg = Release|Any CPU
		{85B4ACB9-1236-4761-948C-EEC1E0182E06}.Release|Any CPU.Build.0 = Release|Any CPU
	EndGlobalSection
	GlobalSection(SolutionProperties) = preSolution
		HideSolutionNode = FALSE
	EndGlobalSection
	GlobalSection(ExtensibilityGlobals) = postSolution
		SolutionGuid = {7A6191C3-CC25-4732-885C-F4DD32F9E412}
	EndGlobalSection
EndGlobal
