
Microsoft Visual Studio Solution File, Format Version 12.00
# Visual Studio 15
VisualStudioVersion = 15.0.27130.2024
MinimumVisualStudioVersion = 10.0.40219.1
Project("{FAE04EC0-301F-11D3-BF4B-00C04F79EFBC}") = "ZonyLrcTools", "ZonyLrcTools\ZonyLrcTools.csproj", "{B84F4450-C20E-4F11-8152-7A95BEF4F5E0}"
EndProject
Project("{FAE04EC0-301F-11D3-BF4B-00C04F79EFBC}") = "Zony.Lib.Plugin", "Zony.Lib.Plugin\Zony.Lib.Plugin.csproj", "{043B9995-B8BF-4A36-BD57-304C6D6CE7E7}"
EndProject
Project("{FAE04EC0-301F-11D3-BF4B-00C04F79EFBC}") = "Zony.Lib.NetEase", "Zony.Lib.NetEase\Zony.Lib.NetEase.csproj", "{AA736E2E-68CA-4D6A-8116-EBF1FF0A6812}"
EndProject
Project("{FAE04EC0-301F-11D3-BF4B-00C04F79EFBC}") = "Zony.Lib.Net", "Zony.Lib.Net\Zony.Lib.Net.csproj", "{B060D7BB-6CC1-4045-B038-9EA612435BA5}"
EndProject
Project("{FAE04EC0-301F-11D3-BF4B-00C04F79EFBC}") = "Zony.UITest", "Zony.UITest\Zony.UITest.csproj", "{465DC662-1C6A-4B3A-AFC4-1A87AC01B369}"
EndProject
Project("{FAE04EC0-301F-11D3-BF4B-00C04F79EFBC}") = "Zony.Lib.Infrastructures", "Zony.Lib.Infrastructures\Zony.Lib.Infrastructures.csproj", "{2716DF9F-443C-42DD-9454-18FF1A80AEC4}"
EndProject
Project("{FAE04EC0-301F-11D3-BF4B-00C04F79EFBC}") = "Zony.Lib.TagLib", "Zony.Lib.TagLib\Zony.Lib.TagLib.csproj", "{85B4ACB9-1236-4761-948C-EEC1E0182E06}"
EndProject
Project("{FAE04EC0-301F-11D3-BF4B-00C04F79EFBC}") = "Zony.Lib.UIComponents", "Zony.Lib.UIComponents\Zony.Lib.UIComponents.csproj", "{C788A631-2FC5-4130-BD7F-5B4BE7AC2F6F}"
EndProject
Project("{FAE04EC0-301F-11D3-BF4B-00C04F79EFBC}") = "Zony.Lib.AlbumDownLoad", "Zony.Lib.AlbumDownLoad\Zony.Lib.AlbumDownLoad.csproj", "{FEC38A7A-DB97-4465-A6B8-383C604CC9A5}"
EndProject
Project("{FAE04EC0-301F-11D3-BF4B-00C04F79EFBC}") = "Zony.Lib.SongListDownload", "Zony.Lib.SingleLyricSearch\Zony.Lib.SongListDownload.csproj", "{99862AB6-3ECD-45B2-A882-3E21C4B8CD0E}"
EndProject
Project("{FAE04EC0-301F-11D3-BF4B-00C04F79EFBC}") = "Zony.Lib.AlbumImgExport", "Zony.Lib.AlbumImgExport\Zony.Lib.AlbumImgExport.csproj", "{7D221AC0-D147-4B7D-BA56-E1F7BE09B89A}"
EndProject
Project("{2150E333-8FDC-42A3-9474-1A3956D46DE8}") = "Solution Items", "Solution Items", "{95AF7EB0-6F20-485C-AA87-E68D78A09F9F}"
	ProjectSection(SolutionItems) = preProject
		README.md = README.md
	EndProjectSection
EndProject
Project("{FAE04EC0-301F-11D3-BF4B-00C04F79EFBC}") = "Zony.Lib.NCMConverter", "Zony.Lib.NCMConverter\Zony.Lib.NCMConverter.csproj", "{A1097CCF-8967-480C-841D-83E01390EE8E}"
EndProject
Project("{FAE04EC0-301F-11D3-BF4B-00C04F79EFBC}") = "Zony.Lib.MusicInfoEdit", "Zony.Lib.MusicInfoEdit\Zony.Lib.MusicInfoEdit.csproj", "{454C60E1-F1B8-4A34-82FE-7BC82B3EFF01}"
EndProject
Global
	GlobalSection(SolutionConfigurationPlatforms) = preSolution
		Debug|Any CPU = Debug|Any CPU
		Release|Any CPU = Release|Any CPU
	EndGlobalSection
	GlobalSection(ProjectConfigurationPlatforms) = postSolution
		{B84F4450-C20E-4F11-8152-7A95BEF4F5E0}.Debug|Any CPU.ActiveCfg = Debug|Any CPU
		{B84F4450-C20E-4F11-8152-7A95BEF4F5E0}.Debug|Any CPU.Build.0 = Debug|Any CPU
		{B84F4450-C20E-4F11-8152-7A95BEF4F5E0}.Release|Any CPU.ActiveCfg = Release|Any CPU
		{B84F4450-C20E-4F11-8152-7A95BEF4F5E0}.Release|Any CPU.Build.0 = Release|Any CPU
		{043B9995-B8BF-4A36-BD57-304C6D6CE7E7}.Debug|Any CPU.ActiveCfg = Debug|Any CPU
		{043B9995-B8BF-4A36-BD57-304C6D6CE7E7}.Debug|Any CPU.Build.0 = Debug|Any CPU
		{043B9995-B8BF-4A36-BD57-304C6D6CE7E7}.Release|Any CPU.ActiveCfg = Release|Any CPU
		{043B9995-B8BF-4A36-BD57-304C6D6CE7E7}.Release|Any CPU.Build.0 = Release|Any CPU
		{AA736E2E-68CA-4D6A-8116-EBF1FF0A6812}.Debug|Any CPU.ActiveCfg = Debug|Any CPU
		{AA736E2E-68CA-4D6A-8116-EBF1FF0A6812}.Debug|Any CPU.Build.0 = Debug|Any CPU
		{AA736E2E-68CA-4D6A-8116-EBF1FF0A6812}.Release|Any CPU.ActiveCfg = Release|Any CPU
		{AA736E2E-68CA-4D6A-8116-EBF1FF0A6812}.Release|Any CPU.Build.0 = Release|Any CPU
		{B060D7BB-6CC1-4045-B038-9EA612435BA5}.Debug|Any CPU.ActiveCfg = Debug|Any CPU
		{B060D7BB-6CC1-4045-B038-9EA612435BA5}.Debug|Any CPU.Build.0 = Debug|Any CPU
		{B060D7BB-6CC1-4045-B038-9EA612435BA5}.Release|Any CPU.ActiveCfg = Release|Any CPU
		{B060D7BB-6CC1-4045-B038-9EA612435BA5}.Release|Any CPU.Build.0 = Release|Any CPU
		{465DC662-1C6A-4B3A-AFC4-1A87AC01B369}.Debug|Any CPU.ActiveCfg = Debug|Any CPU
		{465DC662-1C6A-4B3A-AFC4-1A87AC01B369}.Debug|Any CPU.Build.0 = Debug|Any CPU
		{465DC662-1C6A-4B3A-AFC4-1A87AC01B369}.Release|Any CPU.ActiveCfg = Release|Any CPU
		{465DC662-1C6A-4B3A-AFC4-1A87AC01B369}.Release|Any CPU.Build.0 = Release|Any CPU
		{2716DF9F-443C-42DD-9454-18FF1A80AEC4}.Debug|Any CPU.ActiveCfg = Debug|Any CPU
		{2716DF9F-443C-42DD-9454-18FF1A80AEC4}.Debug|Any CPU.Build.0 = Debug|Any CPU
		{2716DF9F-443C-42DD-9454-18FF1A80AEC4}.Release|Any CPU.ActiveCfg = Release|Any CPU
		{2716DF9F-443C-42DD-9454-18FF1A80AEC4}.Release|Any CPU.Build.0 = Release|Any CPU
		{85B4ACB9-1236-4761-948C-EEC1E0182E06}.Debug|Any CPU.ActiveCfg = Debug|Any CPU
		{85B4ACB9-1236-4761-948C-EEC1E0182E06}.Debug|Any CPU.Build.0 = Debug|Any CPU
		{85B4ACB9-1236-4761-948C-EEC1E0182E06}.Release|Any CPU.ActiveCfg = Release|Any CPU
		{85B4ACB9-1236-4761-948C-EEC1E0182E06}.Release|Any CPU.Build.0 = Release|Any CPU
		{C788A631-2FC5-4130-BD7F-5B4BE7AC2F6F}.Debug|Any CPU.ActiveCfg = Debug|Any CPU
		{C788A631-2FC5-4130-BD7F-5B4BE7AC2F6F}.Debug|Any CPU.Build.0 = Debug|Any CPU
		{C788A631-2FC5-4130-BD7F-5B4BE7AC2F6F}.Release|Any CPU.ActiveCfg = Release|Any CPU
		{C788A631-2FC5-4130-BD7F-5B4BE7AC2F6F}.Release|Any CPU.Build.0 = Release|Any CPU
		{FEC38A7A-DB97-4465-A6B8-383C604CC9A5}.Debug|Any CPU.ActiveCfg = Debug|Any CPU
		{FEC38A7A-DB97-4465-A6B8-383C604CC9A5}.Debug|Any CPU.Build.0 = Debug|Any CPU
		{FEC38A7A-DB97-4465-A6B8-383C604CC9A5}.Release|Any CPU.ActiveCfg = Release|Any CPU
		{FEC38A7A-DB97-4465-A6B8-383C604CC9A5}.Release|Any CPU.Build.0 = Release|Any CPU
		{99862AB6-3ECD-45B2-A882-3E21C4B8CD0E}.Debug|Any CPU.ActiveCfg = Debug|Any CPU
		{99862AB6-3ECD-45B2-A882-3E21C4B8CD0E}.Debug|Any CPU.Build.0 = Debug|Any CPU
		{99862AB6-3ECD-45B2-A882-3E21C4B8CD0E}.Release|Any CPU.ActiveCfg = Release|Any CPU
		{99862AB6-3ECD-45B2-A882-3E21C4B8CD0E}.Release|Any CPU.Build.0 = Release|Any CPU
		{7D221AC0-D147-4B7D-BA56-E1F7BE09B89A}.Debug|Any CPU.ActiveCfg = Debug|Any CPU
		{7D221AC0-D147-4B7D-BA56-E1F7BE09B89A}.Debug|Any CPU.Build.0 = Debug|Any CPU
		{7D221AC0-D147-4B7D-BA56-E1F7BE09B89A}.Release|Any CPU.ActiveCfg = Release|Any CPU
		{7D221AC0-D147-4B7D-BA56-E1F7BE09B89A}.Release|Any CPU.Build.0 = Release|Any CPU
		{A1097CCF-8967-480C-841D-83E01390EE8E}.Debug|Any CPU.ActiveCfg = Debug|Any CPU
		{A1097CCF-8967-480C-841D-83E01390EE8E}.Debug|Any CPU.Build.0 = Debug|Any CPU
		{A1097CCF-8967-480C-841D-83E01390EE8E}.Release|Any CPU.ActiveCfg = Release|Any CPU
		{A1097CCF-8967-480C-841D-83E01390EE8E}.Release|Any CPU.Build.0 = Release|Any CPU
		{454C60E1-F1B8-4A34-82FE-7BC82B3EFF01}.Debug|Any CPU.ActiveCfg = Debug|Any CPU
		{454C60E1-F1B8-4A34-82FE-7BC82B3EFF01}.Debug|Any CPU.Build.0 = Debug|Any CPU
		{454C60E1-F1B8-4A34-82FE-7BC82B3EFF01}.Release|Any CPU.ActiveCfg = Release|Any CPU
		{454C60E1-F1B8-4A34-82FE-7BC82B3EFF01}.Release|Any CPU.Build.0 = Release|Any CPU
	EndGlobalSection
	GlobalSection(SolutionProperties) = preSolution
		HideSolutionNode = FALSE
	EndGlobalSection
	GlobalSection(ExtensibilityGlobals) = postSolution
		SolutionGuid = {7A6191C3-CC25-4732-885C-F4DD32F9E412}
	EndGlobalSection
EndGlobal
